
Microsoft Visual Studio Solution File, Format Version 12.00
# Visual Studio 15
VisualStudioVersion = 15.0.26124.0
MinimumVisualStudioVersion = 15.0.26124.0
Project("{2150E333-8FDC-42A3-9474-1A3956D46DE8}") = "src", "src", "{491EE77B-CD57-46A5-8E28-2ED432104A3D}"
EndProject
Project("{FAE04EC0-301F-11D3-BF4B-00C04F79EFBC}") = "WebStore.Api", "src\WebStore.Api\WebStore.Api.csproj", "{856F6243-4649-4397-B014-CC5BFC45F314}"
EndProject
Project("{FAE04EC0-301F-11D3-BF4B-00C04F79EFBC}") = "WebStore.Domain", "src\WebStore.Domain\WebStore.Domain.csproj", "{9A4FB86E-AF47-4415-8C7E-DA6B2FB184EE}"
EndProject
Project("{FAE04EC0-301F-11D3-BF4B-00C04F79EFBC}") = "WebStore.Infrastructure", "src\WebStore.Infrastructure\WebStore.Infrastructure.csproj", "{5BB756C6-9DB0-4CE8-8E7B-F0B15A71FA99}"
EndProject
Project("{FAE04EC0-301F-11D3-BF4B-00C04F79EFBC}") = "WebStore.Shared", "src\WebStore.Shared\WebStore.Shared.csproj", "{108BDCE2-CFE6-4151-B336-3A63C057CEA1}"
EndProject
Project("{2150E333-8FDC-42A3-9474-1A3956D46DE8}") = "tests", "tests", "{734653C1-1888-4A46-8345-7D5809BAB242}"
EndProject
Project("{FAE04EC0-301F-11D3-BF4B-00C04F79EFBC}") = "UnitTests", "tests\UnitTests\UnitTests.csproj", "{53FB2FE0-15D5-47AB-B063-208E35796879}"
EndProject
Global
	GlobalSection(SolutionConfigurationPlatforms) = preSolution
		Debug|Any CPU = Debug|Any CPU
		Debug|x64 = Debug|x64
		Debug|x86 = Debug|x86
		Release|Any CPU = Release|Any CPU
		Release|x64 = Release|x64
		Release|x86 = Release|x86
	EndGlobalSection
	GlobalSection(SolutionProperties) = preSolution
		HideSolutionNode = FALSE
	EndGlobalSection
	GlobalSection(ProjectConfigurationPlatforms) = postSolution
		{856F6243-4649-4397-B014-CC5BFC45F314}.Debug|Any CPU.ActiveCfg = Debug|Any CPU
		{856F6243-4649-4397-B014-CC5BFC45F314}.Debug|Any CPU.Build.0 = Debug|Any CPU
		{856F6243-4649-4397-B014-CC5BFC45F314}.Debug|x64.ActiveCfg = Debug|Any CPU
		{856F6243-4649-4397-B014-CC5BFC45F314}.Debug|x64.Build.0 = Debug|Any CPU
		{856F6243-4649-4397-B014-CC5BFC45F314}.Debug|x86.ActiveCfg = Debug|Any CPU
		{856F6243-4649-4397-B014-CC5BFC45F314}.Debug|x86.Build.0 = Debug|Any CPU
		{856F6243-4649-4397-B014-CC5BFC45F314}.Release|Any CPU.ActiveCfg = Release|Any CPU
		{856F6243-4649-4397-B014-CC5BFC45F314}.Release|Any CPU.Build.0 = Release|Any CPU
		{856F6243-4649-4397-B014-CC5BFC45F314}.Release|x64.ActiveCfg = Release|Any CPU
		{856F6243-4649-4397-B014-CC5BFC45F314}.Release|x64.Build.0 = Release|Any CPU
		{856F6243-4649-4397-B014-CC5BFC45F314}.Release|x86.ActiveCfg = Release|Any CPU
		{856F6243-4649-4397-B014-CC5BFC45F314}.Release|x86.Build.0 = Release|Any CPU
		{9A4FB86E-AF47-4415-8C7E-DA6B2FB184EE}.Debug|Any CPU.ActiveCfg = Debug|Any CPU
		{9A4FB86E-AF47-4415-8C7E-DA6B2FB184EE}.Debug|Any CPU.Build.0 = Debug|Any CPU
		{9A4FB86E-AF47-4415-8C7E-DA6B2FB184EE}.Debug|x64.ActiveCfg = Debug|Any CPU
		{9A4FB86E-AF47-4415-8C7E-DA6B2FB184EE}.Debug|x64.Build.0 = Debug|Any CPU
		{9A4FB86E-AF47-4415-8C7E-DA6B2FB184EE}.Debug|x86.ActiveCfg = Debug|Any CPU
		{9A4FB86E-AF47-4415-8C7E-DA6B2FB184EE}.Debug|x86.Build.0 = Debug|Any CPU
		{9A4FB86E-AF47-4415-8C7E-DA6B2FB184EE}.Release|Any CPU.ActiveCfg = Release|Any CPU
		{9A4FB86E-AF47-4415-8C7E-DA6B2FB184EE}.Release|Any CPU.Build.0 = Release|Any CPU
		{9A4FB86E-AF47-4415-8C7E-DA6B2FB184EE}.Release|x64.ActiveCfg = Release|Any CPU
		{9A4FB86E-AF47-4415-8C7E-DA6B2FB184EE}.Release|x64.Build.0 = Release|Any CPU
		{9A4FB86E-AF47-4415-8C7E-DA6B2FB184EE}.Release|x86.ActiveCfg = Release|Any CPU
		{9A4FB86E-AF47-4415-8C7E-DA6B2FB184EE}.Release|x86.Build.0 = Release|Any CPU
		{5BB756C6-9DB0-4CE8-8E7B-F0B15A71FA99}.Debug|Any CPU.ActiveCfg = Debug|Any CPU
		{5BB756C6-9DB0-4CE8-8E7B-F0B15A71FA99}.Debug|Any CPU.Build.0 = Debug|Any CPU
		{5BB756C6-9DB0-4CE8-8E7B-F0B15A71FA99}.Debug|x64.ActiveCfg = Debug|Any CPU
		{5BB756C6-9DB0-4CE8-8E7B-F0B15A71FA99}.Debug|x64.Build.0 = Debug|Any CPU
		{5BB756C6-9DB0-4CE8-8E7B-F0B15A71FA99}.Debug|x86.ActiveCfg = Debug|Any CPU
		{5BB756C6-9DB0-4CE8-8E7B-F0B15A71FA99}.Debug|x86.Build.0 = Debug|Any CPU
		{5BB756C6-9DB0-4CE8-8E7B-F0B15A71FA99}.Release|Any CPU.ActiveCfg = Release|Any CPU
		{5BB756C6-9DB0-4CE8-8E7B-F0B15A71FA99}.Release|Any CPU.Build.0 = Release|Any CPU
		{5BB756C6-9DB0-4CE8-8E7B-F0B15A71FA99}.Release|x64.ActiveCfg = Release|Any CPU
		{5BB756C6-9DB0-4CE8-8E7B-F0B15A71FA99}.Release|x64.Build.0 = Release|Any CPU
		{5BB756C6-9DB0-4CE8-8E7B-F0B15A71FA99}.Release|x86.ActiveCfg = Release|Any CPU
		{5BB756C6-9DB0-4CE8-8E7B-F0B15A71FA99}.Release|x86.Build.0 = Release|Any CPU
		{108BDCE2-CFE6-4151-B336-3A63C057CEA1}.Debug|Any CPU.ActiveCfg = Debug|Any CPU
		{108BDCE2-CFE6-4151-B336-3A63C057CEA1}.Debug|Any CPU.Build.0 = Debug|Any CPU
		{108BDCE2-CFE6-4151-B336-3A63C057CEA1}.Debug|x64.ActiveCfg = Debug|Any CPU
		{108BDCE2-CFE6-4151-B336-3A63C057CEA1}.Debug|x64.Build.0 = Debug|Any CPU
		{108BDCE2-CFE6-4151-B336-3A63C057CEA1}.Debug|x86.ActiveCfg = Debug|Any CPU
		{108BDCE2-CFE6-4151-B336-3A63C057CEA1}.Debug|x86.Build.0 = Debug|Any CPU
		{108BDCE2-CFE6-4151-B336-3A63C057CEA1}.Release|Any CPU.ActiveCfg = Release|Any CPU
		{108BDCE2-CFE6-4151-B336-3A63C057CEA1}.Release|Any CPU.Build.0 = Release|Any CPU
		{108BDCE2-CFE6-4151-B336-3A63C057CEA1}.Release|x64.ActiveCfg = Release|Any CPU
		{108BDCE2-CFE6-4151-B336-3A63C057CEA1}.Release|x64.Build.0 = Release|Any CPU
		{108BDCE2-CFE6-4151-B336-3A63C057CEA1}.Release|x86.ActiveCfg = Release|Any CPU
		{108BDCE2-CFE6-4151-B336-3A63C057CEA1}.Release|x86.Build.0 = Release|Any CPU
		{53FB2FE0-15D5-47AB-B063-208E35796879}.Debug|Any CPU.ActiveCfg = Debug|Any CPU
		{53FB2FE0-15D5-47AB-B063-208E35796879}.Debug|Any CPU.Build.0 = Debug|Any CPU
		{53FB2FE0-15D5-47AB-B063-208E35796879}.Debug|x64.ActiveCfg = Debug|Any CPU
		{53FB2FE0-15D5-47AB-B063-208E35796879}.Debug|x64.Build.0 = Debug|Any CPU
		{53FB2FE0-15D5-47AB-B063-208E35796879}.Debug|x86.ActiveCfg = Debug|Any CPU
		{53FB2FE0-15D5-47AB-B063-208E35796879}.Debug|x86.Build.0 = Debug|Any CPU
		{53FB2FE0-15D5-47AB-B063-208E35796879}.Release|Any CPU.ActiveCfg = Release|Any CPU
		{53FB2FE0-15D5-47AB-B063-208E35796879}.Release|Any CPU.Build.0 = Release|Any CPU
		{53FB2FE0-15D5-47AB-B063-208E35796879}.Release|x64.ActiveCfg = Release|Any CPU
		{53FB2FE0-15D5-47AB-B063-208E35796879}.Release|x64.Build.0 = Release|Any CPU
		{53FB2FE0-15D5-47AB-B063-208E35796879}.Release|x86.ActiveCfg = Release|Any CPU
		{53FB2FE0-15D5-47AB-B063-208E35796879}.Release|x86.Build.0 = Release|Any CPU
	EndGlobalSection
	GlobalSection(NestedProjects) = preSolution
		{856F6243-4649-4397-B014-CC5BFC45F314} = {491EE77B-CD57-46A5-8E28-2ED432104A3D}
		{9A4FB86E-AF47-4415-8C7E-DA6B2FB184EE} = {491EE77B-CD57-46A5-8E28-2ED432104A3D}
		{5BB756C6-9DB0-4CE8-8E7B-F0B15A71FA99} = {491EE77B-CD57-46A5-8E28-2ED432104A3D}
		{108BDCE2-CFE6-4151-B336-3A63C057CEA1} = {491EE77B-CD57-46A5-8E28-2ED432104A3D}
		{53FB2FE0-15D5-47AB-B063-208E35796879} = {734653C1-1888-4A46-8345-7D5809BAB242}
	EndGlobalSection
EndGlobal
